
Microsoft Visual Studio Solution File, Format Version 12.00
# Visual Studio Version 17
VisualStudioVersion = 17.5.33502.453
MinimumVisualStudioVersion = 10.0.40219.1
Project("{9A19103F-16F7-4668-BE54-9A1E7A4F7556}") = "CleanTask", "CleanTask\CleanTask.csproj", "{C9472652-C928-4E80-8EC7-630C0231159A}"
EndProject
Project("{FAE04EC0-301F-11D3-BF4B-00C04F79EFBC}") = "Core", "Core\Core.csproj", "{8CA4AD1E-5BAE-40EA-BB0E-1F7043426461}"
EndProject
Project("{FAE04EC0-301F-11D3-BF4B-00C04F79EFBC}") = "Infrastructure", "Infractrusture\Infrastructure.csproj", "{DF8380F3-43A3-498E-BF1C-4140BC88ED05}"
EndProject
Global
	GlobalSection(SolutionConfigurationPlatforms) = preSolution
		Debug|Any CPU = Debug|Any CPU
		Release|Any CPU = Release|Any CPU
	EndGlobalSection
	GlobalSection(ProjectConfigurationPlatforms) = postSolution
		{C9472652-C928-4E80-8EC7-630C0231159A}.Debug|Any CPU.ActiveCfg = Debug|Any CPU
		{C9472652-C928-4E80-8EC7-630C0231159A}.Debug|Any CPU.Build.0 = Debug|Any CPU
		{C9472652-C928-4E80-8EC7-630C0231159A}.Release|Any CPU.ActiveCfg = Release|Any CPU
		{C9472652-C928-4E80-8EC7-630C0231159A}.Release|Any CPU.Build.0 = Release|Any CPU
		{8CA4AD1E-5BAE-40EA-BB0E-1F7043426461}.Debug|Any CPU.ActiveCfg = Debug|Any CPU
		{8CA4AD1E-5BAE-40EA-BB0E-1F7043426461}.Debug|Any CPU.Build.0 = Debug|Any CPU
		{8CA4AD1E-5BAE-40EA-BB0E-1F7043426461}.Release|Any CPU.ActiveCfg = Release|Any CPU
		{8CA4AD1E-5BAE-40EA-BB0E-1F7043426461}.Release|Any CPU.Build.0 = Release|Any CPU
		{DF8380F3-43A3-498E-BF1C-4140BC88ED05}.Debug|Any CPU.ActiveCfg = Debug|Any CPU
		{DF8380F3-43A3-498E-BF1C-4140BC88ED05}.Debug|Any CPU.Build.0 = Debug|Any CPU
		{DF8380F3-43A3-498E-BF1C-4140BC88ED05}.Release|Any CPU.ActiveCfg = Release|Any CPU
		{DF8380F3-43A3-498E-BF1C-4140BC88ED05}.Release|Any CPU.Build.0 = Release|Any CPU
	EndGlobalSection
	GlobalSection(SolutionProperties) = preSolution
		HideSolutionNode = FALSE
	EndGlobalSection
	GlobalSection(ExtensibilityGlobals) = postSolution
		SolutionGuid = {3C6C852D-D7B1-48A0-9068-59AB4417A0A7}
	EndGlobalSection
EndGlobal
